// !$*UTF8*$!
{
	archiveVersion = 1;
	classes = {
	};
	objectVersion = 46;
	objects = {

/* Begin PBXBuildFile section */
		7967AA551F8D34A200B53D4D /* AppDelegate.swift in Sources */ = {isa = PBXBuildFile; fileRef = 7967AA541F8D34A200B53D4D /* AppDelegate.swift */; };
		7967AA571F8D34A200B53D4D /* ViewController.swift in Sources */ = {isa = PBXBuildFile; fileRef = 7967AA561F8D34A200B53D4D /* ViewController.swift */; };
		7967AA5A1F8D34A200B53D4D /* Main.storyboard in Resources */ = {isa = PBXBuildFile; fileRef = 7967AA581F8D34A200B53D4D /* Main.storyboard */; };
		7967AA5C1F8D34A200B53D4D /* Assets.xcassets in Resources */ = {isa = PBXBuildFile; fileRef = 7967AA5B1F8D34A200B53D4D /* Assets.xcassets */; };
		7967AA5F1F8D34A200B53D4D /* LaunchScreen.storyboard in Resources */ = {isa = PBXBuildFile; fileRef = 7967AA5D1F8D34A200B53D4D /* LaunchScreen.storyboard */; };
		7967AA671F8D367200B53D4D /* secondViewController.swift in Sources */ = {isa = PBXBuildFile; fileRef = 7967AA661F8D367200B53D4D /* secondViewController.swift */; };
		7967AA691F8D418600B53D4D /* values.swift in Sources */ = {isa = PBXBuildFile; fileRef = 7967AA681F8D418600B53D4D /* values.swift */; };
		79CA4E8B1F97DF04004AB720 /* values2.swift in Sources */ = {isa = PBXBuildFile; fileRef = 79CA4E8A1F97DF04004AB720 /* values2.swift */; };
/* End PBXBuildFile section */

/* Begin PBXFileReference section */
		7967AA511F8D34A200B53D4D /* lab4.app */ = {isa = PBXFileReference; explicitFileType = wrapper.application; includeInIndex = 0; path = lab4.app; sourceTree = BUILT_PRODUCTS_DIR; };
		7967AA541F8D34A200B53D4D /* AppDelegate.swift */ = {isa = PBXFileReference; lastKnownFileType = sourcecode.swift; path = AppDelegate.swift; sourceTree = "<group>"; };
		7967AA561F8D34A200B53D4D /* ViewController.swift */ = {isa = PBXFileReference; lastKnownFileType = sourcecode.swift; path = ViewController.swift; sourceTree = "<group>"; };
		7967AA591F8D34A200B53D4D /* Base */ = {isa = PBXFileReference; lastKnownFileType = file.storyboard; name = Base; path = Base.lproj/Main.storyboard; sourceTree = "<group>"; };
		7967AA5B1F8D34A200B53D4D /* Assets.xcassets */ = {isa = PBXFileReference; lastKnownFileType = folder.assetcatalog; path = Assets.xcassets; sourceTree = "<group>"; };
		7967AA5E1F8D34A200B53D4D /* Base */ = {isa = PBXFileReference; lastKnownFileType = file.storyboard; name = Base; path = Base.lproj/LaunchScreen.storyboard; sourceTree = "<group>"; };
		7967AA601F8D34A200B53D4D /* Info.plist */ = {isa = PBXFileReference; lastKnownFileType = text.plist.xml; path = Info.plist; sourceTree = "<group>"; };
		7967AA661F8D367200B53D4D /* secondViewController.swift */ = {isa = PBXFileReference; fileEncoding = 4; lastKnownFileType = sourcecode.swift; path = secondViewController.swift; sourceTree = "<group>"; };
		7967AA681F8D418600B53D4D /* values.swift */ = {isa = PBXFileReference; fileEncoding = 4; lastKnownFileType = sourcecode.swift; path = values.swift; sourceTree = "<group>"; };
		79CA4E8A1F97DF04004AB720 /* values2.swift */ = {isa = PBXFileReference; fileEncoding = 4; lastKnownFileType = sourcecode.swift; path = values2.swift; sourceTree = "<group>"; };
/* End PBXFileReference section */

/* Begin PBXFrameworksBuildPhase section */
		7967AA4E1F8D34A200B53D4D /* Frameworks */ = {
			isa = PBXFrameworksBuildPhase;
			buildActionMask = 2147483647;
			files = (
			);
			runOnlyForDeploymentPostprocessing = 0;
		};
/* End PBXFrameworksBuildPhase section */

/* Begin PBXGroup section */
		7967AA481F8D34A200B53D4D = {
			isa = PBXGroup;
			children = (
				7967AA531F8D34A200B53D4D /* lab4 */,
				7967AA521F8D34A200B53D4D /* Products */,
			);
			sourceTree = "<group>";
		};
		7967AA521F8D34A200B53D4D /* Products */ = {
			isa = PBXGroup;
			children = (
				7967AA511F8D34A200B53D4D /* lab4.app */,
			);
			name = Products;
			sourceTree = "<group>";
		};
		7967AA531F8D34A200B53D4D /* lab4 */ = {
			isa = PBXGroup;
			children = (
				7967AA541F8D34A200B53D4D /* AppDelegate.swift */,
				7967AA561F8D34A200B53D4D /* ViewController.swift */,
				7967AA581F8D34A200B53D4D /* Main.storyboard */,
				7967AA661F8D367200B53D4D /* secondViewController.swift */,
				79CA4E8A1F97DF04004AB720 /* values2.swift */,
				7967AA681F8D418600B53D4D /* values.swift */,
				7967AA5B1F8D34A200B53D4D /* Assets.xcassets */,
				7967AA5D1F8D34A200B53D4D /* LaunchScreen.storyboard */,
				7967AA601F8D34A200B53D4D /* Info.plist */,
			);
			path = lab4;
			sourceTree = "<group>";
		};
/* End PBXGroup section */

/* Begin PBXNativeTarget section */
		7967AA501F8D34A200B53D4D /* lab4 */ = {
			isa = PBXNativeTarget;
			buildConfigurationList = 7967AA631F8D34A200B53D4D /* Build configuration list for PBXNativeTarget "lab4" */;
			buildPhases = (
				7967AA4D1F8D34A200B53D4D /* Sources */,
				7967AA4E1F8D34A200B53D4D /* Frameworks */,
				7967AA4F1F8D34A200B53D4D /* Resources */,
			);
			buildRules = (
			);
			dependencies = (
			);
			name = lab4;
			productName = lab4;
			productReference = 7967AA511F8D34A200B53D4D /* lab4.app */;
			productType = "com.apple.product-type.application";
		};
/* End PBXNativeTarget section */

/* Begin PBXProject section */
		7967AA491F8D34A200B53D4D /* Project object */ = {
			isa = PBXProject;
			attributes = {
				LastSwiftUpdateCheck = 0830;
				LastUpgradeCheck = 0830;
				ORGANIZATIONNAME = "Pujan Tandukar";
				TargetAttributes = {
					7967AA501F8D34A200B53D4D = {
						CreatedOnToolsVersion = 8.3.3;
						DevelopmentTeam = 3GA37W523F;
						ProvisioningStyle = Automatic;
					};
				};
			};
			buildConfigurationList = 7967AA4C1F8D34A200B53D4D /* Build configuration list for PBXProject "lab4" */;
			compatibilityVersion = "Xcode 3.2";
			developmentRegion = English;
			hasScannedForEncodings = 0;
			knownRegions = (
				en,
				Base,
			);
			mainGroup = 7967AA481F8D34A200B53D4D;
			productRefGroup = 7967AA521F8D34A200B53D4D /* Products */;
			projectDirPath = "";
			projectRoot = "";
			targets = (
				7967AA501F8D34A200B53D4D /* lab4 */,
			);
		};
/* End PBXProject section */

/* Begin PBXResourcesBuildPhase section */
		7967AA4F1F8D34A200B53D4D /* Resources */ = {
			isa = PBXResourcesBuildPhase;
			buildActionMask = 2147483647;
			files = (
				7967AA5F1F8D34A200B53D4D /* LaunchScreen.storyboard in Resources */,
				7967AA5C1F8D34A200B53D4D /* Assets.xcassets in Resources */,
				7967AA5A1F8D34A200B53D4D /* Main.storyboard in Resources */,
			);
			runOnlyForDeploymentPostprocessing = 0;
		};
/* End PBXResourcesBuildPhase section */

/* Begin PBXSourcesBuildPhase section */
		7967AA4D1F8D34A200B53D4D /* Sources */ = {
			isa = PBXSourcesBuildPhase;
			buildActionMask = 2147483647;
			files = (
				7967AA571F8D34A200B53D4D /* ViewController.swift in Sources */,
				7967AA671F8D367200B53D4D /* secondViewController.swift in Sources */,
				7967AA551F8D34A200B53D4D /* AppDelegate.swift in Sources */,
				79CA4E8B1F97DF04004AB720 /* values2.swift in Sources */,
				7967AA691F8D418600B53D4D /* values.swift in Sources */,
			);
			runOnlyForDeploymentPostprocessing = 0;
		};
/* End PBXSourcesBuildPhase section */

/* Begin PBXVariantGroup section */
		7967AA581F8D34A200B53D4D /* Main.storyboard */ = {
			isa = PBXVariantGroup;
			children = (
				7967AA591F8D34A200B53D4D /* Base */,
			);
			name = Main.storyboard;
			sourceTree = "<group>";
		};
		7967AA5D1F8D34A200B53D4D /* LaunchScreen.storyboard */ = {
			isa = PBXVariantGroup;
			children = (
				7967AA5E1F8D34A200B53D4D /* Base */,
			);
			name = LaunchScreen.storyboard;
			sourceTree = "<group>";
		};
/* End PBXVariantGroup section */

/* Begin XCBuildConfiguration section */
		7967AA611F8D34A200B53D4D /* Debug */ = {
			isa = XCBuildConfiguration;
			buildSettings = {
				ALWAYS_SEARCH_USER_PATHS = NO;
				CLANG_ANALYZER_NONNULL = YES;
				CLANG_ANALYZER_NUMBER_OBJECT_CONVERSION = YES_AGGRESSIVE;
				CLANG_CXX_LANGUAGE_STANDARD = "gnu++0x";
				CLANG_CXX_LIBRARY = "libc++";
				CLANG_ENABLE_MODULES = YES;
				CLANG_ENABLE_OBJC_ARC = YES;
				CLANG_WARN_BOOL_CONVERSION = YES;
				CLANG_WARN_CONSTANT_CONVERSION = YES;
				CLANG_WARN_DIRECT_OBJC_ISA_USAGE = YES_ERROR;
				CLANG_WARN_DOCUMENTATION_COMMENTS = YES;
				CLANG_WARN_EMPTY_BODY = YES;
				CLANG_WARN_ENUM_CONVERSION = YES;
				CLANG_WARN_INFINITE_RECURSION = YES;
				CLANG_WARN_INT_CONVERSION = YES;
				CLANG_WARN_OBJC_ROOT_CLASS = YES_ERROR;
				CLANG_WARN_SUSPICIOUS_MOVE = YES;
				CLANG_WARN_UNREACHABLE_CODE = YES;
				CLANG_WARN__DUPLICATE_METHOD_MATCH = YES;
				"CODE_SIGN_IDENTITY[sdk=iphoneos*]" = "iPhone Developer";
				COPY_PHASE_STRIP = NO;
				DEBUG_INFORMATION_FORMAT = dwarf;
				ENABLE_STRICT_OBJC_MSGSEND = YES;
				ENABLE_TESTABILITY = YES;
				GCC_C_LANGUAGE_STANDARD = gnu99;
				GCC_DYNAMIC_NO_PIC = NO;
				GCC_NO_COMMON_BLOCKS = YES;
				GCC_OPTIMIZATION_LEVEL = 0;
				GCC_PREPROCESSOR_DEFINITIONS = (
					"DEBUG=1",
					"$(inherited)",
				);
				GCC_WARN_64_TO_32_BIT_CONVERSION = YES;
				GCC_WARN_ABOUT_RETURN_TYPE = YES_ERROR;
				GCC_WARN_UNDECLARED_SELECTOR = YES;
				GCC_WARN_UNINITIALIZED_AUTOS = YES_AGGRESSIVE;
				GCC_WARN_UNUSED_FUNCTION = YES;
				GCC_WARN_UNUSED_VARIABLE = YES;
				IPHONEOS_DEPLOYMENT_TARGET = 10.3;
				MTL_ENABLE_DEBUG_INFO = YES;
				ONLY_ACTIVE_ARCH = YES;
				SDKROOT = iphoneos;
				SWIFT_ACTIVE_COMPILATION_CONDITIONS = DEBUG;
				SWIFT_OPTIMIZATION_LEVEL = "-Onone";
				TARGETED_DEVICE_FAMILY = "1,2";
			};
			name = Debug;
		};
		7967AA621F8D34A200B53D4D /* Release */ = {
			isa = XCBuildConfiguration;
			buildSettings = {
				ALWAYS_SEARCH_USER_PATHS = NO;
				CLANG_ANALYZER_NONNULL = YES;
				CLANG_ANALYZER_NUMBER_OBJECT_CONVERSION = YES_AGGRESSIVE;
				CLANG_CXX_LANGUAGE_STANDARD = "gnu++0x";
				CLANG_CXX_LIBRARY = "libc++";
				CLANG_ENABLE_MODULES = YES;
				CLANG_ENABLE_OBJC_ARC = YES;
				CLANG_WARN_BOOL_CONVERSION = YES;
				CLANG_WARN_CONSTANT_CONVERSION = YES;
				CLANG_WARN_DIRECT_OBJC_ISA_USAGE = YES_ERROR;
				CLANG_WARN_DOCUMENTATION_COMMENTS = YES;
				CLANG_WARN_EMPTY_BODY = YES;
				CLANG_WARN_ENUM_CONVERSION = YES;
				CLANG_WARN_INFINITE_RECURSION = YES;
				CLANG_WARN_INT_CONVERSION = YES;
				CLANG_WARN_OBJC_ROOT_CLASS = YES_ERROR;
				CLANG_WARN_SUSPICIOUS_MOVE = YES;
				CLANG_WARN_UNREACHABLE_CODE = YES;
				CLANG_WARN__DUPLICATE_METHOD_MATCH = YES;
				"CODE_SIGN_IDENTITY[sdk=iphoneos*]" = "iPhone Developer";
				COPY_PHASE_STRIP = NO;
				DEBUG_INFORMATION_FORMAT = "dwarf-with-dsym";
				ENABLE_NS_ASSERTIONS = NO;
				ENABLE_STRICT_OBJC_MSGSEND = YES;
				GCC_C_LANGUAGE_STANDARD = gnu99;
				GCC_NO_COMMON_BLOCKS = YES;
				GCC_WARN_64_TO_32_BIT_CONVERSION = YES;
				GCC_WARN_ABOUT_RETURN_TYPE = YES_ERROR;
				GCC_WARN_UNDECLARED_SELECTOR = YES;
				GCC_WARN_UNINITIALIZED_AUTOS = YES_AGGRESSIVE;
				GCC_WARN_UNUSED_FUNCTION = YES;
				GCC_WARN_UNUSED_VARIABLE = YES;
				IPHONEOS_DEPLOYMENT_TARGET = 10.3;
				MTL_ENABLE_DEBUG_INFO = NO;
				SDKROOT = iphoneos;
				SWIFT_OPTIMIZATION_LEVEL = "-Owholemodule";
				TARGETED_DEVICE_FAMILY = "1,2";
				VALIDATE_PRODUCT = YES;
			};
			name = Release;
		};
		7967AA641F8D34A200B53D4D /* Debug */ = {
			isa = XCBuildConfiguration;
			buildSettings = {
				ASSETCATALOG_COMPILER_APPICON_NAME = AppIcon;
				DEVELOPMENT_TEAM = 3GA37W523F;
				INFOPLIST_FILE = lab4/Info.plist;
				LD_RUNPATH_SEARCH_PATHS = "$(inherited) @executable_path/Frameworks";
				PRODUCT_BUNDLE_IDENTIFIER = pujantandukar.lab4;
				PRODUCT_NAME = "$(TARGET_NAME)";
				SWIFT_VERSION = 3.0;
			};
			name = Debug;
		};
		7967AA651F8D34A200B53D4D /* Release */ = {
			isa = XCBuildConfiguration;
			buildSettings = {
				ASSETCATALOG_COMPILER_APPICON_NAME = AppIcon;
				DEVELOPMENT_TEAM = 3GA37W523F;
				INFOPLIST_FILE = lab4/Info.plist;
				LD_RUNPATH_SEARCH_PATHS = "$(inherited) @executable_path/Frameworks";
				PRODUCT_BUNDLE_IDENTIFIER = pujantandukar.lab4;
				PRODUCT_NAME = "$(TARGET_NAME)";
				SWIFT_VERSION = 3.0;
			};
			name = Release;
		};
/* End XCBuildConfiguration section */

/* Begin XCConfigurationList section */
		7967AA4C1F8D34A200B53D4D /* Build configuration list for PBXProject "lab4" */ = {
			isa = XCConfigurationList;
			buildConfigurations = (
				7967AA611F8D34A200B53D4D /* Debug */,
				7967AA621F8D34A200B53D4D /* Release */,
			);
			defaultConfigurationIsVisible = 0;
			defaultConfigurationName = Release;
		};
		7967AA631F8D34A200B53D4D /* Build configuration list for PBXNativeTarget "lab4" */ = {
			isa = XCConfigurationList;
			buildConfigurations = (
				7967AA641F8D34A200B53D4D /* Debug */,
				7967AA651F8D34A200B53D4D /* Release */,
			);
			defaultConfigurationIsVisible = 0;
			defaultConfigurationName = Release;
		};
/* End XCConfigurationList section */
	};
	rootObject = 7967AA491F8D34A200B53D4D /* Project object */;
}
