// !$*UTF8*$!
{
	archiveVersion = 1;
	classes = {
	};
	objectVersion = 46;
	objects = {

/* Begin PBXBuildFile section */
		79646EEF1F84C956005CD2C0 /* outlineVC.swift in Sources */ = {isa = PBXBuildFile; fileRef = 79646EEE1F84C956005CD2C0 /* outlineVC.swift */; };
		79671D001F7A000300638305 /* AppDelegate.swift in Sources */ = {isa = PBXBuildFile; fileRef = 79671CFF1F7A000300638305 /* AppDelegate.swift */; };
		79671D021F7A000300638305 /* ViewController.swift in Sources */ = {isa = PBXBuildFile; fileRef = 79671D011F7A000300638305 /* ViewController.swift */; };
		79671D051F7A000300638305 /* Main.storyboard in Resources */ = {isa = PBXBuildFile; fileRef = 79671D031F7A000300638305 /* Main.storyboard */; };
		79671D071F7A000300638305 /* Assets.xcassets in Resources */ = {isa = PBXBuildFile; fileRef = 79671D061F7A000300638305 /* Assets.xcassets */; };
		79671D0A1F7A000300638305 /* LaunchScreen.storyboard in Resources */ = {isa = PBXBuildFile; fileRef = 79671D081F7A000300638305 /* LaunchScreen.storyboard */; };
/* End PBXBuildFile section */

/* Begin PBXFileReference section */
		79646EEE1F84C956005CD2C0 /* outlineVC.swift */ = {isa = PBXFileReference; fileEncoding = 4; lastKnownFileType = sourcecode.swift; path = outlineVC.swift; sourceTree = "<group>"; };
		79671CFC1F7A000300638305 /* project1.app */ = {isa = PBXFileReference; explicitFileType = wrapper.application; includeInIndex = 0; path = project1.app; sourceTree = BUILT_PRODUCTS_DIR; };
		79671CFF1F7A000300638305 /* AppDelegate.swift */ = {isa = PBXFileReference; lastKnownFileType = sourcecode.swift; path = AppDelegate.swift; sourceTree = "<group>"; };
		79671D011F7A000300638305 /* ViewController.swift */ = {isa = PBXFileReference; lastKnownFileType = sourcecode.swift; path = ViewController.swift; sourceTree = "<group>"; };
		79671D041F7A000300638305 /* Base */ = {isa = PBXFileReference; lastKnownFileType = file.storyboard; name = Base; path = Base.lproj/Main.storyboard; sourceTree = "<group>"; };
		79671D061F7A000300638305 /* Assets.xcassets */ = {isa = PBXFileReference; lastKnownFileType = folder.assetcatalog; path = Assets.xcassets; sourceTree = "<group>"; };
		79671D091F7A000300638305 /* Base */ = {isa = PBXFileReference; lastKnownFileType = file.storyboard; name = Base; path = Base.lproj/LaunchScreen.storyboard; sourceTree = "<group>"; };
		79671D0B1F7A000300638305 /* Info.plist */ = {isa = PBXFileReference; lastKnownFileType = text.plist.xml; path = Info.plist; sourceTree = "<group>"; };
/* End PBXFileReference section */

/* Begin PBXFrameworksBuildPhase section */
		79671CF91F7A000300638305 /* Frameworks */ = {
			isa = PBXFrameworksBuildPhase;
			buildActionMask = 2147483647;
			files = (
			);
			runOnlyForDeploymentPostprocessing = 0;
		};
/* End PBXFrameworksBuildPhase section */

/* Begin PBXGroup section */
		79671CF31F7A000300638305 = {
			isa = PBXGroup;
			children = (
				79671CFE1F7A000300638305 /* project1 */,
				79671CFD1F7A000300638305 /* Products */,
			);
			sourceTree = "<group>";
		};
		79671CFD1F7A000300638305 /* Products */ = {
			isa = PBXGroup;
			children = (
				79671CFC1F7A000300638305 /* project1.app */,
			);
			name = Products;
			sourceTree = "<group>";
		};
		79671CFE1F7A000300638305 /* project1 */ = {
			isa = PBXGroup;
			children = (
				79671CFF1F7A000300638305 /* AppDelegate.swift */,
				79671D011F7A000300638305 /* ViewController.swift */,
				79671D031F7A000300638305 /* Main.storyboard */,
				79646EEE1F84C956005CD2C0 /* outlineVC.swift */,
				79671D061F7A000300638305 /* Assets.xcassets */,
				79671D081F7A000300638305 /* LaunchScreen.storyboard */,
				79671D0B1F7A000300638305 /* Info.plist */,
			);
			path = project1;
			sourceTree = "<group>";
		};
/* End PBXGroup section */

/* Begin PBXNativeTarget section */
		79671CFB1F7A000300638305 /* project1 */ = {
			isa = PBXNativeTarget;
			buildConfigurationList = 79671D0E1F7A000300638305 /* Build configuration list for PBXNativeTarget "project1" */;
			buildPhases = (
				79671CF81F7A000300638305 /* Sources */,
				79671CF91F7A000300638305 /* Frameworks */,
				79671CFA1F7A000300638305 /* Resources */,
			);
			buildRules = (
			);
			dependencies = (
			);
			name = project1;
			productName = project1;
			productReference = 79671CFC1F7A000300638305 /* project1.app */;
			productType = "com.apple.product-type.application";
		};
/* End PBXNativeTarget section */

/* Begin PBXProject section */
		79671CF41F7A000300638305 /* Project object */ = {
			isa = PBXProject;
			attributes = {
				LastSwiftUpdateCheck = 0830;
				LastUpgradeCheck = 0830;
				ORGANIZATIONNAME = "Pujan Tandukar";
				TargetAttributes = {
					79671CFB1F7A000300638305 = {
						CreatedOnToolsVersion = 8.3.3;
						DevelopmentTeam = 3GA37W523F;
						ProvisioningStyle = Automatic;
					};
				};
			};
			buildConfigurationList = 79671CF71F7A000300638305 /* Build configuration list for PBXProject "project1" */;
			compatibilityVersion = "Xcode 3.2";
			developmentRegion = English;
			hasScannedForEncodings = 0;
			knownRegions = (
				en,
				Base,
			);
			mainGroup = 79671CF31F7A000300638305;
			productRefGroup = 79671CFD1F7A000300638305 /* Products */;
			projectDirPath = "";
			projectRoot = "";
			targets = (
				79671CFB1F7A000300638305 /* project1 */,
			);
		};
/* End PBXProject section */

/* Begin PBXResourcesBuildPhase section */
		79671CFA1F7A000300638305 /* Resources */ = {
			isa = PBXResourcesBuildPhase;
			buildActionMask = 2147483647;
			files = (
				79671D0A1F7A000300638305 /* LaunchScreen.storyboard in Resources */,
				79671D071F7A000300638305 /* Assets.xcassets in Resources */,
				79671D051F7A000300638305 /* Main.storyboard in Resources */,
			);
			runOnlyForDeploymentPostprocessing = 0;
		};
/* End PBXResourcesBuildPhase section */

/* Begin PBXSourcesBuildPhase section */
		79671CF81F7A000300638305 /* Sources */ = {
			isa = PBXSourcesBuildPhase;
			buildActionMask = 2147483647;
			files = (
				79671D021F7A000300638305 /* ViewController.swift in Sources */,
				79646EEF1F84C956005CD2C0 /* outlineVC.swift in Sources */,
				79671D001F7A000300638305 /* AppDelegate.swift in Sources */,
			);
			runOnlyForDeploymentPostprocessing = 0;
		};
/* End PBXSourcesBuildPhase section */

/* Begin PBXVariantGroup section */
		79671D031F7A000300638305 /* Main.storyboard */ = {
			isa = PBXVariantGroup;
			children = (
				79671D041F7A000300638305 /* Base */,
			);
			name = Main.storyboard;
			sourceTree = "<group>";
		};
		79671D081F7A000300638305 /* LaunchScreen.storyboard */ = {
			isa = PBXVariantGroup;
			children = (
				79671D091F7A000300638305 /* Base */,
			);
			name = LaunchScreen.storyboard;
			sourceTree = "<group>";
		};
/* End PBXVariantGroup section */

/* Begin XCBuildConfiguration section */
		79671D0C1F7A000300638305 /* Debug */ = {
			isa = XCBuildConfiguration;
			buildSettings = {
				ALWAYS_SEARCH_USER_PATHS = NO;
				CLANG_ANALYZER_NONNULL = YES;
				CLANG_ANALYZER_NUMBER_OBJECT_CONVERSION = YES_AGGRESSIVE;
				CLANG_CXX_LANGUAGE_STANDARD = "gnu++0x";
				CLANG_CXX_LIBRARY = "libc++";
				CLANG_ENABLE_MODULES = YES;
				CLANG_ENABLE_OBJC_ARC = YES;
				CLANG_WARN_BOOL_CONVERSION = YES;
				CLANG_WARN_CONSTANT_CONVERSION = YES;
				CLANG_WARN_DIRECT_OBJC_ISA_USAGE = YES_ERROR;
				CLANG_WARN_DOCUMENTATION_COMMENTS = YES;
				CLANG_WARN_EMPTY_BODY = YES;
				CLANG_WARN_ENUM_CONVERSION = YES;
				CLANG_WARN_INFINITE_RECURSION = YES;
				CLANG_WARN_INT_CONVERSION = YES;
				CLANG_WARN_OBJC_ROOT_CLASS = YES_ERROR;
				CLANG_WARN_SUSPICIOUS_MOVE = YES;
				CLANG_WARN_UNREACHABLE_CODE = YES;
				CLANG_WARN__DUPLICATE_METHOD_MATCH = YES;
				"CODE_SIGN_IDENTITY[sdk=iphoneos*]" = "iPhone Developer";
				COPY_PHASE_STRIP = NO;
				DEBUG_INFORMATION_FORMAT = dwarf;
				ENABLE_STRICT_OBJC_MSGSEND = YES;
				ENABLE_TESTABILITY = YES;
				GCC_C_LANGUAGE_STANDARD = gnu99;
				GCC_DYNAMIC_NO_PIC = NO;
				GCC_NO_COMMON_BLOCKS = YES;
				GCC_OPTIMIZATION_LEVEL = 0;
				GCC_PREPROCESSOR_DEFINITIONS = (
					"DEBUG=1",
					"$(inherited)",
				);
				GCC_WARN_64_TO_32_BIT_CONVERSION = YES;
				GCC_WARN_ABOUT_RETURN_TYPE = YES_ERROR;
				GCC_WARN_UNDECLARED_SELECTOR = YES;
				GCC_WARN_UNINITIALIZED_AUTOS = YES_AGGRESSIVE;
				GCC_WARN_UNUSED_FUNCTION = YES;
				GCC_WARN_UNUSED_VARIABLE = YES;
				IPHONEOS_DEPLOYMENT_TARGET = 10.3;
				MTL_ENABLE_DEBUG_INFO = YES;
				ONLY_ACTIVE_ARCH = YES;
				SDKROOT = iphoneos;
				SWIFT_ACTIVE_COMPILATION_CONDITIONS = DEBUG;
				SWIFT_OPTIMIZATION_LEVEL = "-Onone";
				TARGETED_DEVICE_FAMILY = "1,2";
			};
			name = Debug;
		};
		79671D0D1F7A000300638305 /* Release */ = {
			isa = XCBuildConfiguration;
			buildSettings = {
				ALWAYS_SEARCH_USER_PATHS = NO;
				CLANG_ANALYZER_NONNULL = YES;
				CLANG_ANALYZER_NUMBER_OBJECT_CONVERSION = YES_AGGRESSIVE;
				CLANG_CXX_LANGUAGE_STANDARD = "gnu++0x";
				CLANG_CXX_LIBRARY = "libc++";
				CLANG_ENABLE_MODULES = YES;
				CLANG_ENABLE_OBJC_ARC = YES;
				CLANG_WARN_BOOL_CONVERSION = YES;
				CLANG_WARN_CONSTANT_CONVERSION = YES;
				CLANG_WARN_DIRECT_OBJC_ISA_USAGE = YES_ERROR;
				CLANG_WARN_DOCUMENTATION_COMMENTS = YES;
				CLANG_WARN_EMPTY_BODY = YES;
				CLANG_WARN_ENUM_CONVERSION = YES;
				CLANG_WARN_INFINITE_RECURSION = YES;
				CLANG_WARN_INT_CONVERSION = YES;
				CLANG_WARN_OBJC_ROOT_CLASS = YES_ERROR;
				CLANG_WARN_SUSPICIOUS_MOVE = YES;
				CLANG_WARN_UNREACHABLE_CODE = YES;
				CLANG_WARN__DUPLICATE_METHOD_MATCH = YES;
				"CODE_SIGN_IDENTITY[sdk=iphoneos*]" = "iPhone Developer";
				COPY_PHASE_STRIP = NO;
				DEBUG_INFORMATION_FORMAT = "dwarf-with-dsym";
				ENABLE_NS_ASSERTIONS = NO;
				ENABLE_STRICT_OBJC_MSGSEND = YES;
				GCC_C_LANGUAGE_STANDARD = gnu99;
				GCC_NO_COMMON_BLOCKS = YES;
				GCC_WARN_64_TO_32_BIT_CONVERSION = YES;
				GCC_WARN_ABOUT_RETURN_TYPE = YES_ERROR;
				GCC_WARN_UNDECLARED_SELECTOR = YES;
				GCC_WARN_UNINITIALIZED_AUTOS = YES_AGGRESSIVE;
				GCC_WARN_UNUSED_FUNCTION = YES;
				GCC_WARN_UNUSED_VARIABLE = YES;
				IPHONEOS_DEPLOYMENT_TARGET = 10.3;
				MTL_ENABLE_DEBUG_INFO = NO;
				SDKROOT = iphoneos;
				SWIFT_OPTIMIZATION_LEVEL = "-Owholemodule";
				TARGETED_DEVICE_FAMILY = "1,2";
				VALIDATE_PRODUCT = YES;
			};
			name = Release;
		};
		79671D0F1F7A000300638305 /* Debug */ = {
			isa = XCBuildConfiguration;
			buildSettings = {
				ASSETCATALOG_COMPILER_APPICON_NAME = AppIcon;
				DEVELOPMENT_TEAM = 3GA37W523F;
				INFOPLIST_FILE = project1/Info.plist;
				LD_RUNPATH_SEARCH_PATHS = "$(inherited) @executable_path/Frameworks";
				PRODUCT_BUNDLE_IDENTIFIER = pujantandukar.project1;
				PRODUCT_NAME = "$(TARGET_NAME)";
				SWIFT_VERSION = 3.0;
			};
			name = Debug;
		};
		79671D101F7A000300638305 /* Release */ = {
			isa = XCBuildConfiguration;
			buildSettings = {
				ASSETCATALOG_COMPILER_APPICON_NAME = AppIcon;
				DEVELOPMENT_TEAM = 3GA37W523F;
				INFOPLIST_FILE = project1/Info.plist;
				LD_RUNPATH_SEARCH_PATHS = "$(inherited) @executable_path/Frameworks";
				PRODUCT_BUNDLE_IDENTIFIER = pujantandukar.project1;
				PRODUCT_NAME = "$(TARGET_NAME)";
				SWIFT_VERSION = 3.0;
			};
			name = Release;
		};
/* End XCBuildConfiguration section */

/* Begin XCConfigurationList section */
		79671CF71F7A000300638305 /* Build configuration list for PBXProject "project1" */ = {
			isa = XCConfigurationList;
			buildConfigurations = (
				79671D0C1F7A000300638305 /* Debug */,
				79671D0D1F7A000300638305 /* Release */,
			);
			defaultConfigurationIsVisible = 0;
			defaultConfigurationName = Release;
		};
		79671D0E1F7A000300638305 /* Build configuration list for PBXNativeTarget "project1" */ = {
			isa = XCConfigurationList;
			buildConfigurations = (
				79671D0F1F7A000300638305 /* Debug */,
				79671D101F7A000300638305 /* Release */,
			);
			defaultConfigurationIsVisible = 0;
			defaultConfigurationName = Release;
		};
/* End XCConfigurationList section */
	};
	rootObject = 79671CF41F7A000300638305 /* Project object */;
}
